{
  "name": "bigg-swap-core",
  "version": "1.0.0",
  "lockfileVersion": 1,
  "requires": true,
  "dependencies": {
    "@openzeppelin/contracts": {
      "version": "3.4.1",
      "resolved": "https://registry.npmjs.org/@openzeppelin/contracts/-/contracts-3.4.1.tgz",
      "integrity": "sha512-cUriqMauq1ylzP2TxePNdPqkwI7Le3Annh4K9rrpvKfSBB/bdW+Iu1ihBaTIABTAAJ85LmKL5SSPPL9ry8d1gQ=="
    },
    "@openzeppelin/contracts-upgradeable": {
      "version": "3.4.1",
      "resolved": "https://registry.npmjs.org/@openzeppelin/contracts-upgradeable/-/contracts-upgradeable-3.4.1.tgz",
      "integrity": "sha512-wBGlUzEkOxcj/ghtcF2yKc8ZYh+PTUtm1mK38zoENulJ6aplij7eH8quo3lMugfzPJy+V6V5qI8QhdQmCn7hkQ=="
    }
  }
}
